
Microsoft Visual Studio Solution File, Format Version 12.00
# Visual Studio Version 17
VisualStudioVersion = 17.4.33205.214
MinimumVisualStudioVersion = 10.0.40219.1
Project("{FAE04EC0-301F-11D3-BF4B-00C04F79EFBC}") = "Web", "Web\Web.csproj", "{C7F954B8-BBCC-414C-83F7-C7B9FEC9ABB6}"
EndProject
Global
	GlobalSection(SolutionConfigurationPlatforms) = preSolution
		Debug|Any CPU = Debug|Any CPU
		Release|Any CPU = Release|Any CPU
	EndGlobalSection
	GlobalSection(ProjectConfigurationPlatforms) = postSolution
		{C7F954B8-BBCC-414C-83F7-C7B9FEC9ABB6}.Debug|Any CPU.ActiveCfg = Debug|Any CPU
		{C7F954B8-BBCC-414C-83F7-C7B9FEC9ABB6}.Debug|Any CPU.Build.0 = Debug|Any CPU
		{C7F954B8-BBCC-414C-83F7-C7B9FEC9ABB6}.Release|Any CPU.ActiveCfg = Release|Any CPU
		{C7F954B8-BBCC-414C-83F7-C7B9FEC9ABB6}.Release|Any CPU.Build.0 = Release|Any CPU
	EndGlobalSection
	GlobalSection(SolutionProperties) = preSolution
		HideSolutionNode = FALSE
	EndGlobalSection
	GlobalSection(ExtensibilityGlobals) = postSolution
		SolutionGuid = {F774B2C7-DE02-4D35-AB06-AD5E95F21CA2}
	EndGlobalSection
EndGlobal
